// !$*UTF8*$!
{
	archiveVersion = 1;
	classes = {
	};
	objectVersion = 46;
	objects = {

/* Begin PBXBuildFile section */
		C9F67C031E2659F30076558C /* main.m in Sources */ = {isa = PBXBuildFile; fileRef = C9F67C021E2659F30076558C /* main.m */; };
		C9F67C061E2659F30076558C /* AppDelegate.m in Sources */ = {isa = PBXBuildFile; fileRef = C9F67C051E2659F30076558C /* AppDelegate.m */; };
		C9F67C091E2659F30076558C /* ViewController.m in Sources */ = {isa = PBXBuildFile; fileRef = C9F67C081E2659F30076558C /* ViewController.m */; };
		C9F67C0C1E2659F30076558C /* Main.storyboard in Resources */ = {isa = PBXBuildFile; fileRef = C9F67C0A1E2659F30076558C /* Main.storyboard */; };
		C9F67C0E1E2659F30076558C /* Assets.xcassets in Resources */ = {isa = PBXBuildFile; fileRef = C9F67C0D1E2659F30076558C /* Assets.xcassets */; };
		C9F67C111E2659F30076558C /* LaunchScreen.storyboard in Resources */ = {isa = PBXBuildFile; fileRef = C9F67C0F1E2659F30076558C /* LaunchScreen.storyboard */; };
		C9F67C1C1E2659F30076558C /* lyxToolTests.m in Sources */ = {isa = PBXBuildFile; fileRef = C9F67C1B1E2659F30076558C /* lyxToolTests.m */; };
		C9F67C271E2659F30076558C /* lyxToolUITests.m in Sources */ = {isa = PBXBuildFile; fileRef = C9F67C261E2659F30076558C /* lyxToolUITests.m */; };
/* End PBXBuildFile section */

/* Begin PBXContainerItemProxy section */
		C9F67C181E2659F30076558C /* PBXContainerItemProxy */ = {
			isa = PBXContainerItemProxy;
			containerPortal = C9F67BF61E2659F30076558C /* Project object */;
			proxyType = 1;
			remoteGlobalIDString = C9F67BFD1E2659F30076558C;
			remoteInfo = lyxTool;
		};
		C9F67C231E2659F30076558C /* PBXContainerItemProxy */ = {
			isa = PBXContainerItemProxy;
			containerPortal = C9F67BF61E2659F30076558C /* Project object */;
			proxyType = 1;
			remoteGlobalIDString = C9F67BFD1E2659F30076558C;
			remoteInfo = lyxTool;
		};
/* End PBXContainerItemProxy section */

/* Begin PBXFileReference section */
		C9F67BFE1E2659F30076558C /* lyxTool.app */ = {isa = PBXFileReference; explicitFileType = wrapper.application; includeInIndex = 0; path = lyxTool.app; sourceTree = BUILT_PRODUCTS_DIR; };
		C9F67C021E2659F30076558C /* main.m */ = {isa = PBXFileReference; lastKnownFileType = sourcecode.c.objc; path = main.m; sourceTree = "<group>"; };
		C9F67C041E2659F30076558C /* AppDelegate.h */ = {isa = PBXFileReference; lastKnownFileType = sourcecode.c.h; path = AppDelegate.h; sourceTree = "<group>"; };
		C9F67C051E2659F30076558C /* AppDelegate.m */ = {isa = PBXFileReference; lastKnownFileType = sourcecode.c.objc; path = AppDelegate.m; sourceTree = "<group>"; };
		C9F67C071E2659F30076558C /* ViewController.h */ = {isa = PBXFileReference; lastKnownFileType = sourcecode.c.h; path = ViewController.h; sourceTree = "<group>"; };
		C9F67C081E2659F30076558C /* ViewController.m */ = {isa = PBXFileReference; lastKnownFileType = sourcecode.c.objc; path = ViewController.m; sourceTree = "<group>"; };
		C9F67C0B1E2659F30076558C /* Base */ = {isa = PBXFileReference; lastKnownFileType = file.storyboard; name = Base; path = Base.lproj/Main.storyboard; sourceTree = "<group>"; };
		C9F67C0D1E2659F30076558C /* Assets.xcassets */ = {isa = PBXFileReference; lastKnownFileType = folder.assetcatalog; path = Assets.xcassets; sourceTree = "<group>"; };
		C9F67C101E2659F30076558C /* Base */ = {isa = PBXFileReference; lastKnownFileType = file.storyboard; name = Base; path = Base.lproj/LaunchScreen.storyboard; sourceTree = "<group>"; };
		C9F67C121E2659F30076558C /* Info.plist */ = {isa = PBXFileReference; lastKnownFileType = text.plist.xml; path = Info.plist; sourceTree = "<group>"; };
		C9F67C171E2659F30076558C /* lyxToolTests.xctest */ = {isa = PBXFileReference; explicitFileType = wrapper.cfbundle; includeInIndex = 0; path = lyxToolTests.xctest; sourceTree = BUILT_PRODUCTS_DIR; };
		C9F67C1B1E2659F30076558C /* lyxToolTests.m */ = {isa = PBXFileReference; lastKnownFileType = sourcecode.c.objc; path = lyxToolTests.m; sourceTree = "<group>"; };
		C9F67C1D1E2659F30076558C /* Info.plist */ = {isa = PBXFileReference; lastKnownFileType = text.plist.xml; path = Info.plist; sourceTree = "<group>"; };
		C9F67C221E2659F30076558C /* lyxToolUITests.xctest */ = {isa = PBXFileReference; explicitFileType = wrapper.cfbundle; includeInIndex = 0; path = lyxToolUITests.xctest; sourceTree = BUILT_PRODUCTS_DIR; };
		C9F67C261E2659F30076558C /* lyxToolUITests.m */ = {isa = PBXFileReference; lastKnownFileType = sourcecode.c.objc; path = lyxToolUITests.m; sourceTree = "<group>"; };
		C9F67C281E2659F30076558C /* Info.plist */ = {isa = PBXFileReference; lastKnownFileType = text.plist.xml; path = Info.plist; sourceTree = "<group>"; };
/* End PBXFileReference section */

/* Begin PBXFrameworksBuildPhase section */
		C9F67BFB1E2659F30076558C /* Frameworks */ = {
			isa = PBXFrameworksBuildPhase;
			buildActionMask = 2147483647;
			files = (
			);
			runOnlyForDeploymentPostprocessing = 0;
		};
		C9F67C141E2659F30076558C /* Frameworks */ = {
			isa = PBXFrameworksBuildPhase;
			buildActionMask = 2147483647;
			files = (
			);
			runOnlyForDeploymentPostprocessing = 0;
		};
		C9F67C1F1E2659F30076558C /* Frameworks */ = {
			isa = PBXFrameworksBuildPhase;
			buildActionMask = 2147483647;
			files = (
			);
			runOnlyForDeploymentPostprocessing = 0;
		};
/* End PBXFrameworksBuildPhase section */

/* Begin PBXGroup section */
		C9F67BF51E2659F30076558C = {
			isa = PBXGroup;
			children = (
				C9F67C001E2659F30076558C /* lyxTool */,
				C9F67C1A1E2659F30076558C /* lyxToolTests */,
				C9F67C251E2659F30076558C /* lyxToolUITests */,
				C9F67BFF1E2659F30076558C /* Products */,
			);
			sourceTree = "<group>";
		};
		C9F67BFF1E2659F30076558C /* Products */ = {
			isa = PBXGroup;
			children = (
				C9F67BFE1E2659F30076558C /* lyxTool.app */,
				C9F67C171E2659F30076558C /* lyxToolTests.xctest */,
				C9F67C221E2659F30076558C /* lyxToolUITests.xctest */,
			);
			name = Products;
			sourceTree = "<group>";
		};
		C9F67C001E2659F30076558C /* lyxTool */ = {
			isa = PBXGroup;
			children = (
				C9F67C041E2659F30076558C /* AppDelegate.h */,
				C9F67C051E2659F30076558C /* AppDelegate.m */,
				C9F67C071E2659F30076558C /* ViewController.h */,
				C9F67C081E2659F30076558C /* ViewController.m */,
				C9F67C0A1E2659F30076558C /* Main.storyboard */,
				C9F67C0D1E2659F30076558C /* Assets.xcassets */,
				C9F67C0F1E2659F30076558C /* LaunchScreen.storyboard */,
				C9F67C121E2659F30076558C /* Info.plist */,
				C9F67C011E2659F30076558C /* Supporting Files */,
			);
			path = lyxTool;
			sourceTree = "<group>";
		};
		C9F67C011E2659F30076558C /* Supporting Files */ = {
			isa = PBXGroup;
			children = (
				C9F67C021E2659F30076558C /* main.m */,
			);
			name = "Supporting Files";
			sourceTree = "<group>";
		};
		C9F67C1A1E2659F30076558C /* lyxToolTests */ = {
			isa = PBXGroup;
			children = (
				C9F67C1B1E2659F30076558C /* lyxToolTests.m */,
				C9F67C1D1E2659F30076558C /* Info.plist */,
			);
			path = lyxToolTests;
			sourceTree = "<group>";
		};
		C9F67C251E2659F30076558C /* lyxToolUITests */ = {
			isa = PBXGroup;
			children = (
				C9F67C261E2659F30076558C /* lyxToolUITests.m */,
				C9F67C281E2659F30076558C /* Info.plist */,
			);
			path = lyxToolUITests;
			sourceTree = "<group>";
		};
/* End PBXGroup section */

/* Begin PBXNativeTarget section */
		C9F67BFD1E2659F30076558C /* lyxTool */ = {
			isa = PBXNativeTarget;
			buildConfigurationList = C9F67C2B1E2659F30076558C /* Build configuration list for PBXNativeTarget "lyxTool" */;
			buildPhases = (
				C9F67BFA1E2659F30076558C /* Sources */,
				C9F67BFB1E2659F30076558C /* Frameworks */,
				C9F67BFC1E2659F30076558C /* Resources */,
			);
			buildRules = (
			);
			dependencies = (
			);
			name = lyxTool;
			productName = lyxTool;
			productReference = C9F67BFE1E2659F30076558C /* lyxTool.app */;
			productType = "com.apple.product-type.application";
		};
		C9F67C161E2659F30076558C /* lyxToolTests */ = {
			isa = PBXNativeTarget;
			buildConfigurationList = C9F67C2E1E2659F30076558C /* Build configuration list for PBXNativeTarget "lyxToolTests" */;
			buildPhases = (
				C9F67C131E2659F30076558C /* Sources */,
				C9F67C141E2659F30076558C /* Frameworks */,
				C9F67C151E2659F30076558C /* Resources */,
			);
			buildRules = (
			);
			dependencies = (
				C9F67C191E2659F30076558C /* PBXTargetDependency */,
			);
			name = lyxToolTests;
			productName = lyxToolTests;
			productReference = C9F67C171E2659F30076558C /* lyxToolTests.xctest */;
			productType = "com.apple.product-type.bundle.unit-test";
		};
		C9F67C211E2659F30076558C /* lyxToolUITests */ = {
			isa = PBXNativeTarget;
			buildConfigurationList = C9F67C311E2659F30076558C /* Build configuration list for PBXNativeTarget "lyxToolUITests" */;
			buildPhases = (
				C9F67C1E1E2659F30076558C /* Sources */,
				C9F67C1F1E2659F30076558C /* Frameworks */,
				C9F67C201E2659F30076558C /* Resources */,
			);
			buildRules = (
			);
			dependencies = (
				C9F67C241E2659F30076558C /* PBXTargetDependency */,
			);
			name = lyxToolUITests;
			productName = lyxToolUITests;
			productReference = C9F67C221E2659F30076558C /* lyxToolUITests.xctest */;
			productType = "com.apple.product-type.bundle.ui-testing";
		};
/* End PBXNativeTarget section */

/* Begin PBXProject section */
		C9F67BF61E2659F30076558C /* Project object */ = {
			isa = PBXProject;
			attributes = {
				LastUpgradeCheck = 0820;
				ORGANIZATIONNAME = liuyunxuan;
				TargetAttributes = {
					C9F67BFD1E2659F30076558C = {
						CreatedOnToolsVersion = 8.2.1;
						DevelopmentTeam = 2R53HN933A;
						ProvisioningStyle = Automatic;
					};
					C9F67C161E2659F30076558C = {
						CreatedOnToolsVersion = 8.2.1;
						DevelopmentTeam = 2R53HN933A;
						ProvisioningStyle = Automatic;
						TestTargetID = C9F67BFD1E2659F30076558C;
					};
					C9F67C211E2659F30076558C = {
						CreatedOnToolsVersion = 8.2.1;
						DevelopmentTeam = 2R53HN933A;
						ProvisioningStyle = Automatic;
						TestTargetID = C9F67BFD1E2659F30076558C;
					};
				};
			};
			buildConfigurationList = C9F67BF91E2659F30076558C /* Build configuration list for PBXProject "lyxTool" */;
			compatibilityVersion = "Xcode 3.2";
			developmentRegion = English;
			hasScannedForEncodings = 0;
			knownRegions = (
				en,
				Base,
			);
			mainGroup = C9F67BF51E2659F30076558C;
			productRefGroup = C9F67BFF1E2659F30076558C /* Products */;
			projectDirPath = "";
			projectRoot = "";
			targets = (
				C9F67BFD1E2659F30076558C /* lyxTool */,
				C9F67C161E2659F30076558C /* lyxToolTests */,
				C9F67C211E2659F30076558C /* lyxToolUITests */,
			);
		};
/* End PBXProject section */

/* Begin PBXResourcesBuildPhase section */
		C9F67BFC1E2659F30076558C /* Resources */ = {
			isa = PBXResourcesBuildPhase;
			buildActionMask = 2147483647;
			files = (
				C9F67C111E2659F30076558C /* LaunchScreen.storyboard in Resources */,
				C9F67C0E1E2659F30076558C /* Assets.xcassets in Resources */,
				C9F67C0C1E2659F30076558C /* Main.storyboard in Resources */,
			);
			runOnlyForDeploymentPostprocessing = 0;
		};
		C9F67C151E2659F30076558C /* Resources */ = {
			isa = PBXResourcesBuildPhase;
			buildActionMask = 2147483647;
			files = (
			);
			runOnlyForDeploymentPostprocessing = 0;
		};
		C9F67C201E2659F30076558C /* Resources */ = {
			isa = PBXResourcesBuildPhase;
			buildActionMask = 2147483647;
			files = (
			);
			runOnlyForDeploymentPostprocessing = 0;
		};
/* End PBXResourcesBuildPhase section */

/* Begin PBXSourcesBuildPhase section */
		C9F67BFA1E2659F30076558C /* Sources */ = {
			isa = PBXSourcesBuildPhase;
			buildActionMask = 2147483647;
			files = (
				C9F67C091E2659F30076558C /* ViewController.m in Sources */,
				C9F67C061E2659F30076558C /* AppDelegate.m in Sources */,
				C9F67C031E2659F30076558C /* main.m in Sources */,
			);
			runOnlyForDeploymentPostprocessing = 0;
		};
		C9F67C131E2659F30076558C /* Sources */ = {
			isa = PBXSourcesBuildPhase;
			buildActionMask = 2147483647;
			files = (
				C9F67C1C1E2659F30076558C /* lyxToolTests.m in Sources */,
			);
			runOnlyForDeploymentPostprocessing = 0;
		};
		C9F67C1E1E2659F30076558C /* Sources */ = {
			isa = PBXSourcesBuildPhase;
			buildActionMask = 2147483647;
			files = (
				C9F67C271E2659F30076558C /* lyxToolUITests.m in Sources */,
			);
			runOnlyForDeploymentPostprocessing = 0;
		};
/* End PBXSourcesBuildPhase section */

/* Begin PBXTargetDependency section */
		C9F67C191E2659F30076558C /* PBXTargetDependency */ = {
			isa = PBXTargetDependency;
			target = C9F67BFD1E2659F30076558C /* lyxTool */;
			targetProxy = C9F67C181E2659F30076558C /* PBXContainerItemProxy */;
		};
		C9F67C241E2659F30076558C /* PBXTargetDependency */ = {
			isa = PBXTargetDependency;
			target = C9F67BFD1E2659F30076558C /* lyxTool */;
			targetProxy = C9F67C231E2659F30076558C /* PBXContainerItemProxy */;
		};
/* End PBXTargetDependency section */

/* Begin PBXVariantGroup section */
		C9F67C0A1E2659F30076558C /* Main.storyboard */ = {
			isa = PBXVariantGroup;
			children = (
				C9F67C0B1E2659F30076558C /* Base */,
			);
			name = Main.storyboard;
			sourceTree = "<group>";
		};
		C9F67C0F1E2659F30076558C /* LaunchScreen.storyboard */ = {
			isa = PBXVariantGroup;
			children = (
				C9F67C101E2659F30076558C /* Base */,
			);
			name = LaunchScreen.storyboard;
			sourceTree = "<group>";
		};
/* End PBXVariantGroup section */

/* Begin XCBuildConfiguration section */
		C9F67C291E2659F30076558C /* Debug */ = {
			isa = XCBuildConfiguration;
			buildSettings = {
				ALWAYS_SEARCH_USER_PATHS = NO;
				CLANG_ANALYZER_NONNULL = YES;
				CLANG_CXX_LANGUAGE_STANDARD = "gnu++0x";
				CLANG_CXX_LIBRARY = "libc++";
				CLANG_ENABLE_MODULES = YES;
				CLANG_ENABLE_OBJC_ARC = YES;
				CLANG_WARN_BOOL_CONVERSION = YES;
				CLANG_WARN_CONSTANT_CONVERSION = YES;
				CLANG_WARN_DIRECT_OBJC_ISA_USAGE = YES_ERROR;
				CLANG_WARN_DOCUMENTATION_COMMENTS = YES;
				CLANG_WARN_EMPTY_BODY = YES;
				CLANG_WARN_ENUM_CONVERSION = YES;
				CLANG_WARN_INFINITE_RECURSION = YES;
				CLANG_WARN_INT_CONVERSION = YES;
				CLANG_WARN_OBJC_ROOT_CLASS = YES_ERROR;
				CLANG_WARN_SUSPICIOUS_MOVE = YES;
				CLANG_WARN_UNREACHABLE_CODE = YES;
				CLANG_WARN__DUPLICATE_METHOD_MATCH = YES;
				"CODE_SIGN_IDENTITY[sdk=iphoneos*]" = "iPhone Developer";
				COPY_PHASE_STRIP = NO;
				DEBUG_INFORMATION_FORMAT = dwarf;
				ENABLE_STRICT_OBJC_MSGSEND = YES;
				ENABLE_TESTABILITY = YES;
				GCC_C_LANGUAGE_STANDARD = gnu99;
				GCC_DYNAMIC_NO_PIC = NO;
				GCC_NO_COMMON_BLOCKS = YES;
				GCC_OPTIMIZATION_LEVEL = 0;
				GCC_PREPROCESSOR_DEFINITIONS = (
					"DEBUG=1",
					"$(inherited)",
				);
				GCC_WARN_64_TO_32_BIT_CONVERSION = YES;
				GCC_WARN_ABOUT_RETURN_TYPE = YES_ERROR;
				GCC_WARN_UNDECLARED_SELECTOR = YES;
				GCC_WARN_UNINITIALIZED_AUTOS = YES_AGGRESSIVE;
				GCC_WARN_UNUSED_FUNCTION = YES;
				GCC_WARN_UNUSED_VARIABLE = YES;
				IPHONEOS_DEPLOYMENT_TARGET = 10.2;
				MTL_ENABLE_DEBUG_INFO = YES;
				ONLY_ACTIVE_ARCH = YES;
				SDKROOT = iphoneos;
				TARGETED_DEVICE_FAMILY = "1,2";
			};
			name = Debug;
		};
		C9F67C2A1E2659F30076558C /* Release */ = {
			isa = XCBuildConfiguration;
			buildSettings = {
				ALWAYS_SEARCH_USER_PATHS = NO;
				CLANG_ANALYZER_NONNULL = YES;
				CLANG_CXX_LANGUAGE_STANDARD = "gnu++0x";
				CLANG_CXX_LIBRARY = "libc++";
				CLANG_ENABLE_MODULES = YES;
				CLANG_ENABLE_OBJC_ARC = YES;
				CLANG_WARN_BOOL_CONVERSION = YES;
				CLANG_WARN_CONSTANT_CONVERSION = YES;
				CLANG_WARN_DIRECT_OBJC_ISA_USAGE = YES_ERROR;
				CLANG_WARN_DOCUMENTATION_COMMENTS = YES;
				CLANG_WARN_EMPTY_BODY = YES;
				CLANG_WARN_ENUM_CONVERSION = YES;
				CLANG_WARN_INFINITE_RECURSION = YES;
				CLANG_WARN_INT_CONVERSION = YES;
				CLANG_WARN_OBJC_ROOT_CLASS = YES_ERROR;
				CLANG_WARN_SUSPICIOUS_MOVE = YES;
				CLANG_WARN_UNREACHABLE_CODE = YES;
				CLANG_WARN__DUPLICATE_METHOD_MATCH = YES;
				"CODE_SIGN_IDENTITY[sdk=iphoneos*]" = "iPhone Developer";
				COPY_PHASE_STRIP = NO;
				DEBUG_INFORMATION_FORMAT = "dwarf-with-dsym";
				ENABLE_NS_ASSERTIONS = NO;
				ENABLE_STRICT_OBJC_MSGSEND = YES;
				GCC_C_LANGUAGE_STANDARD = gnu99;
				GCC_NO_COMMON_BLOCKS = YES;
				GCC_WARN_64_TO_32_BIT_CONVERSION = YES;
				GCC_WARN_ABOUT_RETURN_TYPE = YES_ERROR;
				GCC_WARN_UNDECLARED_SELECTOR = YES;
				GCC_WARN_UNINITIALIZED_AUTOS = YES_AGGRESSIVE;
				GCC_WARN_UNUSED_FUNCTION = YES;
				GCC_WARN_UNUSED_VARIABLE = YES;
				IPHONEOS_DEPLOYMENT_TARGET = 10.2;
				MTL_ENABLE_DEBUG_INFO = NO;
				SDKROOT = iphoneos;
				TARGETED_DEVICE_FAMILY = "1,2";
				VALIDATE_PRODUCT = YES;
			};
			name = Release;
		};
		C9F67C2C1E2659F30076558C /* Debug */ = {
			isa = XCBuildConfiguration;
			buildSettings = {
				ASSETCATALOG_COMPILER_APPICON_NAME = AppIcon;
				DEVELOPMENT_TEAM = 2R53HN933A;
				INFOPLIST_FILE = lyxTool/Info.plist;
				LD_RUNPATH_SEARCH_PATHS = "$(inherited) @executable_path/Frameworks";
				PRODUCT_BUNDLE_IDENTIFIER = weixin.lyxTool;
				PRODUCT_NAME = "$(TARGET_NAME)";
			};
			name = Debug;
		};
		C9F67C2D1E2659F30076558C /* Release */ = {
			isa = XCBuildConfiguration;
			buildSettings = {
				ASSETCATALOG_COMPILER_APPICON_NAME = AppIcon;
				DEVELOPMENT_TEAM = 2R53HN933A;
				INFOPLIST_FILE = lyxTool/Info.plist;
				LD_RUNPATH_SEARCH_PATHS = "$(inherited) @executable_path/Frameworks";
				PRODUCT_BUNDLE_IDENTIFIER = weixin.lyxTool;
				PRODUCT_NAME = "$(TARGET_NAME)";
			};
			name = Release;
		};
		C9F67C2F1E2659F30076558C /* Debug */ = {
			isa = XCBuildConfiguration;
			buildSettings = {
				BUNDLE_LOADER = "$(TEST_HOST)";
				DEVELOPMENT_TEAM = 2R53HN933A;
				INFOPLIST_FILE = lyxToolTests/Info.plist;
				LD_RUNPATH_SEARCH_PATHS = "$(inherited) @executable_path/Frameworks @loader_path/Frameworks";
				PRODUCT_BUNDLE_IDENTIFIER = weixin.lyxToolTests;
				PRODUCT_NAME = "$(TARGET_NAME)";
				TEST_HOST = "$(BUILT_PRODUCTS_DIR)/lyxTool.app/lyxTool";
			};
			name = Debug;
		};
		C9F67C301E2659F30076558C /* Release */ = {
			isa = XCBuildConfiguration;
			buildSettings = {
				BUNDLE_LOADER = "$(TEST_HOST)";
				DEVELOPMENT_TEAM = 2R53HN933A;
				INFOPLIST_FILE = lyxToolTests/Info.plist;
				LD_RUNPATH_SEARCH_PATHS = "$(inherited) @executable_path/Frameworks @loader_path/Frameworks";
				PRODUCT_BUNDLE_IDENTIFIER = weixin.lyxToolTests;
				PRODUCT_NAME = "$(TARGET_NAME)";
				TEST_HOST = "$(BUILT_PRODUCTS_DIR)/lyxTool.app/lyxTool";
			};
			name = Release;
		};
		C9F67C321E2659F30076558C /* Debug */ = {
			isa = XCBuildConfiguration;
			buildSettings = {
				DEVELOPMENT_TEAM = 2R53HN933A;
				INFOPLIST_FILE = lyxToolUITests/Info.plist;
				LD_RUNPATH_SEARCH_PATHS = "$(inherited) @executable_path/Frameworks @loader_path/Frameworks";
				PRODUCT_BUNDLE_IDENTIFIER = weixin.lyxToolUITests;
				PRODUCT_NAME = "$(TARGET_NAME)";
				TEST_TARGET_NAME = lyxTool;
			};
			name = Debug;
		};
		C9F67C331E2659F30076558C /* Release */ = {
			isa = XCBuildConfiguration;
			buildSettings = {
				DEVELOPMENT_TEAM = 2R53HN933A;
				INFOPLIST_FILE = lyxToolUITests/Info.plist;
				LD_RUNPATH_SEARCH_PATHS = "$(inherited) @executable_path/Frameworks @loader_path/Frameworks";
				PRODUCT_BUNDLE_IDENTIFIER = weixin.lyxToolUITests;
				PRODUCT_NAME = "$(TARGET_NAME)";
				TEST_TARGET_NAME = lyxTool;
			};
			name = Release;
		};
/* End XCBuildConfiguration section */

/* Begin XCConfigurationList section */
		C9F67BF91E2659F30076558C /* Build configuration list for PBXProject "lyxTool" */ = {
			isa = XCConfigurationList;
			buildConfigurations = (
				C9F67C291E2659F30076558C /* Debug */,
				C9F67C2A1E2659F30076558C /* Release */,
			);
			defaultConfigurationIsVisible = 0;
			defaultConfigurationName = Release;
		};
		C9F67C2B1E2659F30076558C /* Build configuration list for PBXNativeTarget "lyxTool" */ = {
			isa = XCConfigurationList;
			buildConfigurations = (
				C9F67C2C1E2659F30076558C /* Debug */,
				C9F67C2D1E2659F30076558C /* Release */,
			);
			defaultConfigurationIsVisible = 0;
		};
		C9F67C2E1E2659F30076558C /* Build configuration list for PBXNativeTarget "lyxToolTests" */ = {
			isa = XCConfigurationList;
			buildConfigurations = (
				C9F67C2F1E2659F30076558C /* Debug */,
				C9F67C301E2659F30076558C /* Release */,
			);
			defaultConfigurationIsVisible = 0;
		};
		C9F67C311E2659F30076558C /* Build configuration list for PBXNativeTarget "lyxToolUITests" */ = {
			isa = XCConfigurationList;
			buildConfigurations = (
				C9F67C321E2659F30076558C /* Debug */,
				C9F67C331E2659F30076558C /* Release */,
			);
			defaultConfigurationIsVisible = 0;
		};
/* End XCConfigurationList section */
	};
	rootObject = C9F67BF61E2659F30076558C /* Project object */;
}
